// !$*UTF8*$!
{
	archiveVersion = 1;
	classes = {
	};
	objectVersion = 55;
	objects = {

/* Begin PBXBuildFile section */
		0013191728AD77570014E8EE /* StackView + Extension.swift in Sources */ = {isa = PBXBuildFile; fileRef = 0013191628AD77570014E8EE /* StackView + Extension.swift */; };
		0013191928AD7AB50014E8EE /* SignUpViewController.swift in Sources */ = {isa = PBXBuildFile; fileRef = 0013191828AD7AB50014E8EE /* SignUpViewController.swift */; };
		0013191B28AD7D4C0014E8EE /* OneLineTextField.swift in Sources */ = {isa = PBXBuildFile; fileRef = 0013191A28AD7D4C0014E8EE /* OneLineTextField.swift */; };
		0013191D28AD90EF0014E8EE /* LoginViewController.swift in Sources */ = {isa = PBXBuildFile; fileRef = 0013191C28AD90EF0014E8EE /* LoginViewController.swift */; };
		005EC05628A0599E007FCA42 /* AppDelegate.swift in Sources */ = {isa = PBXBuildFile; fileRef = 005EC05528A0599E007FCA42 /* AppDelegate.swift */; };
		005EC05828A0599E007FCA42 /* SceneDelegate.swift in Sources */ = {isa = PBXBuildFile; fileRef = 005EC05728A0599E007FCA42 /* SceneDelegate.swift */; };
		005EC05A28A0599E007FCA42 /* AuthViewController.swift in Sources */ = {isa = PBXBuildFile; fileRef = 005EC05928A0599E007FCA42 /* AuthViewController.swift */; };
		005EC05F28A0599F007FCA42 /* Assets.xcassets in Resources */ = {isa = PBXBuildFile; fileRef = 005EC05E28A0599F007FCA42 /* Assets.xcassets */; };
		005EC06228A0599F007FCA42 /* LaunchScreen.storyboard in Resources */ = {isa = PBXBuildFile; fileRef = 005EC06028A0599F007FCA42 /* LaunchScreen.storyboard */; };
		005EC06A28AD4805007FCA42 /* UIButton + Extension.swift in Sources */ = {isa = PBXBuildFile; fileRef = 005EC06928AD4805007FCA42 /* UIButton + Extension.swift */; };
		005EC06C28AD57F3007FCA42 /* UIFont + Extansion.swift in Sources */ = {isa = PBXBuildFile; fileRef = 005EC06B28AD57F3007FCA42 /* UIFont + Extansion.swift */; };
		005EC06E28AD5899007FCA42 /* UIColor + Extansion.swift in Sources */ = {isa = PBXBuildFile; fileRef = 005EC06D28AD5899007FCA42 /* UIColor + Extansion.swift */; };
		005EC07028AD5B1A007FCA42 /* UILabel + Extansion.swift in Sources */ = {isa = PBXBuildFile; fileRef = 005EC06F28AD5B1A007FCA42 /* UILabel + Extansion.swift */; };
		005EC07228AD5BBC007FCA42 /* UIImageView + Extansion.swift in Sources */ = {isa = PBXBuildFile; fileRef = 005EC07128AD5BBC007FCA42 /* UIImageView + Extansion.swift */; };
		005EC07628AD6A97007FCA42 /* ButtonFormView.swift in Sources */ = {isa = PBXBuildFile; fileRef = 005EC07528AD6A97007FCA42 /* ButtonFormView.swift */; };
/* End PBXBuildFile section */

/* Begin PBXFileReference section */
		0013191628AD77570014E8EE /* StackView + Extension.swift */ = {isa = PBXFileReference; lastKnownFileType = sourcecode.swift; path = "StackView + Extension.swift"; sourceTree = "<group>"; };
		0013191828AD7AB50014E8EE /* SignUpViewController.swift */ = {isa = PBXFileReference; lastKnownFileType = sourcecode.swift; path = SignUpViewController.swift; sourceTree = "<group>"; };
		0013191A28AD7D4C0014E8EE /* OneLineTextField.swift */ = {isa = PBXFileReference; lastKnownFileType = sourcecode.swift; path = OneLineTextField.swift; sourceTree = "<group>"; };
		0013191C28AD90EF0014E8EE /* LoginViewController.swift */ = {isa = PBXFileReference; lastKnownFileType = sourcecode.swift; path = LoginViewController.swift; sourceTree = "<group>"; };
		005EC05228A0599E007FCA42 /* IChat.app */ = {isa = PBXFileReference; explicitFileType = wrapper.application; includeInIndex = 0; path = IChat.app; sourceTree = BUILT_PRODUCTS_DIR; };
		005EC05528A0599E007FCA42 /* AppDelegate.swift */ = {isa = PBXFileReference; lastKnownFileType = sourcecode.swift; path = AppDelegate.swift; sourceTree = "<group>"; };
		005EC05728A0599E007FCA42 /* SceneDelegate.swift */ = {isa = PBXFileReference; lastKnownFileType = sourcecode.swift; path = SceneDelegate.swift; sourceTree = "<group>"; };
		005EC05928A0599E007FCA42 /* AuthViewController.swift */ = {isa = PBXFileReference; lastKnownFileType = sourcecode.swift; path = AuthViewController.swift; sourceTree = "<group>"; };
		005EC05E28A0599F007FCA42 /* Assets.xcassets */ = {isa = PBXFileReference; lastKnownFileType = folder.assetcatalog; path = Assets.xcassets; sourceTree = "<group>"; };
		005EC06128A0599F007FCA42 /* Base */ = {isa = PBXFileReference; lastKnownFileType = file.storyboard; name = Base; path = Base.lproj/LaunchScreen.storyboard; sourceTree = "<group>"; };
		005EC06328A0599F007FCA42 /* Info.plist */ = {isa = PBXFileReference; lastKnownFileType = text.plist.xml; path = Info.plist; sourceTree = "<group>"; };
		005EC06928AD4805007FCA42 /* UIButton + Extension.swift */ = {isa = PBXFileReference; lastKnownFileType = sourcecode.swift; path = "UIButton + Extension.swift"; sourceTree = "<group>"; };
		005EC06B28AD57F3007FCA42 /* UIFont + Extansion.swift */ = {isa = PBXFileReference; lastKnownFileType = sourcecode.swift; path = "UIFont + Extansion.swift"; sourceTree = "<group>"; };
		005EC06D28AD5899007FCA42 /* UIColor + Extansion.swift */ = {isa = PBXFileReference; lastKnownFileType = sourcecode.swift; path = "UIColor + Extansion.swift"; sourceTree = "<group>"; };
		005EC06F28AD5B1A007FCA42 /* UILabel + Extansion.swift */ = {isa = PBXFileReference; lastKnownFileType = sourcecode.swift; path = "UILabel + Extansion.swift"; sourceTree = "<group>"; };
		005EC07128AD5BBC007FCA42 /* UIImageView + Extansion.swift */ = {isa = PBXFileReference; lastKnownFileType = sourcecode.swift; path = "UIImageView + Extansion.swift"; sourceTree = "<group>"; };
		005EC07528AD6A97007FCA42 /* ButtonFormView.swift */ = {isa = PBXFileReference; lastKnownFileType = sourcecode.swift; path = ButtonFormView.swift; sourceTree = "<group>"; };
/* End PBXFileReference section */

/* Begin PBXFrameworksBuildPhase section */
		005EC04F28A0599E007FCA42 /* Frameworks */ = {
			isa = PBXFrameworksBuildPhase;
			buildActionMask = 2147483647;
			files = (
			);
			runOnlyForDeploymentPostprocessing = 0;
		};
/* End PBXFrameworksBuildPhase section */

/* Begin PBXGroup section */
		005EC04928A0599E007FCA42 = {
			isa = PBXGroup;
			children = (
				005EC05428A0599E007FCA42 /* IChat */,
				005EC05328A0599E007FCA42 /* Products */,
			);
			sourceTree = "<group>";
		};
		005EC05328A0599E007FCA42 /* Products */ = {
			isa = PBXGroup;
			children = (
				005EC05228A0599E007FCA42 /* IChat.app */,
			);
			name = Products;
			sourceTree = "<group>";
		};
		005EC05428A0599E007FCA42 /* IChat */ = {
			isa = PBXGroup;
			children = (
				005EC05528A0599E007FCA42 /* AppDelegate.swift */,
				005EC05728A0599E007FCA42 /* SceneDelegate.swift */,
				0013191C28AD90EF0014E8EE /* LoginViewController.swift */,
				005EC05928A0599E007FCA42 /* AuthViewController.swift */,
				005EC05E28A0599F007FCA42 /* Assets.xcassets */,
				005EC06028A0599F007FCA42 /* LaunchScreen.storyboard */,
				0013191828AD7AB50014E8EE /* SignUpViewController.swift */,
				005EC06328A0599F007FCA42 /* Info.plist */,
				005EC07428AD696C007FCA42 /* Extension */,
			);
			path = IChat;
			sourceTree = "<group>";
		};
		005EC07328AD695D007FCA42 /* UIKit */ = {
			isa = PBXGroup;
			children = (
				005EC06928AD4805007FCA42 /* UIButton + Extension.swift */,
				005EC06B28AD57F3007FCA42 /* UIFont + Extansion.swift */,
				005EC06D28AD5899007FCA42 /* UIColor + Extansion.swift */,
				005EC06F28AD5B1A007FCA42 /* UILabel + Extansion.swift */,
				005EC07128AD5BBC007FCA42 /* UIImageView + Extansion.swift */,
				0013191628AD77570014E8EE /* StackView + Extension.swift */,
			);
			path = UIKit;
			sourceTree = "<group>";
		};
		005EC07428AD696C007FCA42 /* Extension */ = {
			isa = PBXGroup;
			children = (
				0013191A28AD7D4C0014E8EE /* OneLineTextField.swift */,
				005EC07528AD6A97007FCA42 /* ButtonFormView.swift */,
				005EC07328AD695D007FCA42 /* UIKit */,
			);
			path = Extension;
			sourceTree = "<group>";
		};
/* End PBXGroup section */

/* Begin PBXNativeTarget section */
		005EC05128A0599E007FCA42 /* IChat */ = {
			isa = PBXNativeTarget;
			buildConfigurationList = 005EC06628A0599F007FCA42 /* Build configuration list for PBXNativeTarget "IChat" */;
			buildPhases = (
				005EC04E28A0599E007FCA42 /* Sources */,
				005EC04F28A0599E007FCA42 /* Frameworks */,
				005EC05028A0599E007FCA42 /* Resources */,
			);
			buildRules = (
			);
			dependencies = (
			);
			name = IChat;
			productName = IChat;
			productReference = 005EC05228A0599E007FCA42 /* IChat.app */;
			productType = "com.apple.product-type.application";
		};
/* End PBXNativeTarget section */

/* Begin PBXProject section */
		005EC04A28A0599E007FCA42 /* Project object */ = {
			isa = PBXProject;
			attributes = {
				BuildIndependentTargetsInParallel = 1;
				LastSwiftUpdateCheck = 1340;
				LastUpgradeCheck = 1340;
				TargetAttributes = {
					005EC05128A0599E007FCA42 = {
						CreatedOnToolsVersion = 13.4.1;
					};
				};
			};
			buildConfigurationList = 005EC04D28A0599E007FCA42 /* Build configuration list for PBXProject "IChat" */;
			compatibilityVersion = "Xcode 13.0";
			developmentRegion = en;
			hasScannedForEncodings = 0;
			knownRegions = (
				en,
				Base,
			);
			mainGroup = 005EC04928A0599E007FCA42;
			productRefGroup = 005EC05328A0599E007FCA42 /* Products */;
			projectDirPath = "";
			projectRoot = "";
			targets = (
				005EC05128A0599E007FCA42 /* IChat */,
			);
		};
/* End PBXProject section */

/* Begin PBXResourcesBuildPhase section */
		005EC05028A0599E007FCA42 /* Resources */ = {
			isa = PBXResourcesBuildPhase;
			buildActionMask = 2147483647;
			files = (
				005EC06228A0599F007FCA42 /* LaunchScreen.storyboard in Resources */,
				005EC05F28A0599F007FCA42 /* Assets.xcassets in Resources */,
			);
			runOnlyForDeploymentPostprocessing = 0;
		};
/* End PBXResourcesBuildPhase section */

/* Begin PBXSourcesBuildPhase section */
		005EC04E28A0599E007FCA42 /* Sources */ = {
			isa = PBXSourcesBuildPhase;
			buildActionMask = 2147483647;
			files = (
				0013191B28AD7D4C0014E8EE /* OneLineTextField.swift in Sources */,
				0013191928AD7AB50014E8EE /* SignUpViewController.swift in Sources */,
				005EC07228AD5BBC007FCA42 /* UIImageView + Extansion.swift in Sources */,
				005EC05A28A0599E007FCA42 /* AuthViewController.swift in Sources */,
				005EC05628A0599E007FCA42 /* AppDelegate.swift in Sources */,
				005EC07628AD6A97007FCA42 /* ButtonFormView.swift in Sources */,
				005EC06C28AD57F3007FCA42 /* UIFont + Extansion.swift in Sources */,
				005EC05828A0599E007FCA42 /* SceneDelegate.swift in Sources */,
				005EC06A28AD4805007FCA42 /* UIButton + Extension.swift in Sources */,
				005EC07028AD5B1A007FCA42 /* UILabel + Extansion.swift in Sources */,
				005EC06E28AD5899007FCA42 /* UIColor + Extansion.swift in Sources */,
				0013191D28AD90EF0014E8EE /* LoginViewController.swift in Sources */,
				0013191728AD77570014E8EE /* StackView + Extension.swift in Sources */,
			);
			runOnlyForDeploymentPostprocessing = 0;
		};
/* End PBXSourcesBuildPhase section */

/* Begin PBXVariantGroup section */
		005EC06028A0599F007FCA42 /* LaunchScreen.storyboard */ = {
			isa = PBXVariantGroup;
			children = (
				005EC06128A0599F007FCA42 /* Base */,
			);
			name = LaunchScreen.storyboard;
			sourceTree = "<group>";
		};
/* End PBXVariantGroup section */

/* Begin XCBuildConfiguration section */
		005EC06428A0599F007FCA42 /* Debug */ = {
			isa = XCBuildConfiguration;
			buildSettings = {
				ALWAYS_SEARCH_USER_PATHS = NO;
				CLANG_ANALYZER_NONNULL = YES;
				CLANG_ANALYZER_NUMBER_OBJECT_CONVERSION = YES_AGGRESSIVE;
				CLANG_CXX_LANGUAGE_STANDARD = "gnu++17";
				CLANG_ENABLE_MODULES = YES;
				CLANG_ENABLE_OBJC_ARC = YES;
				CLANG_ENABLE_OBJC_WEAK = YES;
				CLANG_WARN_BLOCK_CAPTURE_AUTORELEASING = YES;
				CLANG_WARN_BOOL_CONVERSION = YES;
				CLANG_WARN_COMMA = YES;
				CLANG_WARN_CONSTANT_CONVERSION = YES;
				CLANG_WARN_DEPRECATED_OBJC_IMPLEMENTATIONS = YES;
				CLANG_WARN_DIRECT_OBJC_ISA_USAGE = YES_ERROR;
				CLANG_WARN_DOCUMENTATION_COMMENTS = YES;
				CLANG_WARN_EMPTY_BODY = YES;
				CLANG_WARN_ENUM_CONVERSION = YES;
				CLANG_WARN_INFINITE_RECURSION = YES;
				CLANG_WARN_INT_CONVERSION = YES;
				CLANG_WARN_NON_LITERAL_NULL_CONVERSION = YES;
				CLANG_WARN_OBJC_IMPLICIT_RETAIN_SELF = YES;
				CLANG_WARN_OBJC_LITERAL_CONVERSION = YES;
				CLANG_WARN_OBJC_ROOT_CLASS = YES_ERROR;
				CLANG_WARN_QUOTED_INCLUDE_IN_FRAMEWORK_HEADER = YES;
				CLANG_WARN_RANGE_LOOP_ANALYSIS = YES;
				CLANG_WARN_STRICT_PROTOTYPES = YES;
				CLANG_WARN_SUSPICIOUS_MOVE = YES;
				CLANG_WARN_UNGUARDED_AVAILABILITY = YES_AGGRESSIVE;
				CLANG_WARN_UNREACHABLE_CODE = YES;
				CLANG_WARN__DUPLICATE_METHOD_MATCH = YES;
				COPY_PHASE_STRIP = NO;
				DEBUG_INFORMATION_FORMAT = dwarf;
				ENABLE_STRICT_OBJC_MSGSEND = YES;
				ENABLE_TESTABILITY = YES;
				GCC_C_LANGUAGE_STANDARD = gnu11;
				GCC_DYNAMIC_NO_PIC = NO;
				GCC_NO_COMMON_BLOCKS = YES;
				GCC_OPTIMIZATION_LEVEL = 0;
				GCC_PREPROCESSOR_DEFINITIONS = (
					"DEBUG=1",
					"$(inherited)",
				);
				GCC_WARN_64_TO_32_BIT_CONVERSION = YES;
				GCC_WARN_ABOUT_RETURN_TYPE = YES_ERROR;
				GCC_WARN_UNDECLARED_SELECTOR = YES;
				GCC_WARN_UNINITIALIZED_AUTOS = YES_AGGRESSIVE;
				GCC_WARN_UNUSED_FUNCTION = YES;
				GCC_WARN_UNUSED_VARIABLE = YES;
				IPHONEOS_DEPLOYMENT_TARGET = 15.5;
				MTL_ENABLE_DEBUG_INFO = INCLUDE_SOURCE;
				MTL_FAST_MATH = YES;
				ONLY_ACTIVE_ARCH = YES;
				SDKROOT = iphoneos;
				SWIFT_ACTIVE_COMPILATION_CONDITIONS = DEBUG;
				SWIFT_OPTIMIZATION_LEVEL = "-Onone";
			};
			name = Debug;
		};
		005EC06528A0599F007FCA42 /* Release */ = {
			isa = XCBuildConfiguration;
			buildSettings = {
				ALWAYS_SEARCH_USER_PATHS = NO;
				CLANG_ANALYZER_NONNULL = YES;
				CLANG_ANALYZER_NUMBER_OBJECT_CONVERSION = YES_AGGRESSIVE;
				CLANG_CXX_LANGUAGE_STANDARD = "gnu++17";
				CLANG_ENABLE_MODULES = YES;
				CLANG_ENABLE_OBJC_ARC = YES;
				CLANG_ENABLE_OBJC_WEAK = YES;
				CLANG_WARN_BLOCK_CAPTURE_AUTORELEASING = YES;
				CLANG_WARN_BOOL_CONVERSION = YES;
				CLANG_WARN_COMMA = YES;
				CLANG_WARN_CONSTANT_CONVERSION = YES;
				CLANG_WARN_DEPRECATED_OBJC_IMPLEMENTATIONS = YES;
				CLANG_WARN_DIRECT_OBJC_ISA_USAGE = YES_ERROR;
				CLANG_WARN_DOCUMENTATION_COMMENTS = YES;
				CLANG_WARN_EMPTY_BODY = YES;
				CLANG_WARN_ENUM_CONVERSION = YES;
				CLANG_WARN_INFINITE_RECURSION = YES;
				CLANG_WARN_INT_CONVERSION = YES;
				CLANG_WARN_NON_LITERAL_NULL_CONVERSION = YES;
				CLANG_WARN_OBJC_IMPLICIT_RETAIN_SELF = YES;
				CLANG_WARN_OBJC_LITERAL_CONVERSION = YES;
				CLANG_WARN_OBJC_ROOT_CLASS = YES_ERROR;
				CLANG_WARN_QUOTED_INCLUDE_IN_FRAMEWORK_HEADER = YES;
				CLANG_WARN_RANGE_LOOP_ANALYSIS = YES;
				CLANG_WARN_STRICT_PROTOTYPES = YES;
				CLANG_WARN_SUSPICIOUS_MOVE = YES;
				CLANG_WARN_UNGUARDED_AVAILABILITY = YES_AGGRESSIVE;
				CLANG_WARN_UNREACHABLE_CODE = YES;
				CLANG_WARN__DUPLICATE_METHOD_MATCH = YES;
				COPY_PHASE_STRIP = NO;
				DEBUG_INFORMATION_FORMAT = "dwarf-with-dsym";
				ENABLE_NS_ASSERTIONS = NO;
				ENABLE_STRICT_OBJC_MSGSEND = YES;
				GCC_C_LANGUAGE_STANDARD = gnu11;
				GCC_NO_COMMON_BLOCKS = YES;
				GCC_WARN_64_TO_32_BIT_CONVERSION = YES;
				GCC_WARN_ABOUT_RETURN_TYPE = YES_ERROR;
				GCC_WARN_UNDECLARED_SELECTOR = YES;
				GCC_WARN_UNINITIALIZED_AUTOS = YES_AGGRESSIVE;
				GCC_WARN_UNUSED_FUNCTION = YES;
				GCC_WARN_UNUSED_VARIABLE = YES;
				IPHONEOS_DEPLOYMENT_TARGET = 15.5;
				MTL_ENABLE_DEBUG_INFO = NO;
				MTL_FAST_MATH = YES;
				SDKROOT = iphoneos;
				SWIFT_COMPILATION_MODE = wholemodule;
				SWIFT_OPTIMIZATION_LEVEL = "-O";
				VALIDATE_PRODUCT = YES;
			};
			name = Release;
		};
		005EC06728A0599F007FCA42 /* Debug */ = {
			isa = XCBuildConfiguration;
			buildSettings = {
				ASSETCATALOG_COMPILER_APPICON_NAME = AppIcon;
				ASSETCATALOG_COMPILER_GLOBAL_ACCENT_COLOR_NAME = AccentColor;
				CODE_SIGN_STYLE = Automatic;
				CURRENT_PROJECT_VERSION = 1;
				DEVELOPMENT_TEAM = W9FSXFWG34;
				GENERATE_INFOPLIST_FILE = YES;
				INFOPLIST_FILE = IChat/Info.plist;
				INFOPLIST_KEY_UIApplicationSupportsIndirectInputEvents = YES;
				INFOPLIST_KEY_UILaunchStoryboardName = LaunchScreen;
				INFOPLIST_KEY_UISupportedInterfaceOrientations_iPad = "UIInterfaceOrientationPortrait UIInterfaceOrientationPortraitUpsideDown UIInterfaceOrientationLandscapeLeft UIInterfaceOrientationLandscapeRight";
				INFOPLIST_KEY_UISupportedInterfaceOrientations_iPhone = "UIInterfaceOrientationPortrait UIInterfaceOrientationLandscapeLeft UIInterfaceOrientationLandscapeRight";
				LD_RUNPATH_SEARCH_PATHS = (
					"$(inherited)",
					"@executable_path/Frameworks",
				);
				MARKETING_VERSION = 1.0;
				PRODUCT_BUNDLE_IDENTIFIER = com.artem.IChat;
				PRODUCT_NAME = "$(TARGET_NAME)";
				SWIFT_EMIT_LOC_STRINGS = YES;
				SWIFT_VERSION = 5.0;
				TARGETED_DEVICE_FAMILY = "1,2";
			};
			name = Debug;
		};
		005EC06828A0599F007FCA42 /* Release */ = {
			isa = XCBuildConfiguration;
			buildSettings = {
				ASSETCATALOG_COMPILER_APPICON_NAME = AppIcon;
				ASSETCATALOG_COMPILER_GLOBAL_ACCENT_COLOR_NAME = AccentColor;
				CODE_SIGN_STYLE = Automatic;
				CURRENT_PROJECT_VERSION = 1;
				DEVELOPMENT_TEAM = W9FSXFWG34;
				GENERATE_INFOPLIST_FILE = YES;
				INFOPLIST_FILE = IChat/Info.plist;
				INFOPLIST_KEY_UIApplicationSupportsIndirectInputEvents = YES;
				INFOPLIST_KEY_UILaunchStoryboardName = LaunchScreen;
				INFOPLIST_KEY_UISupportedInterfaceOrientations_iPad = "UIInterfaceOrientationPortrait UIInterfaceOrientationPortraitUpsideDown UIInterfaceOrientationLandscapeLeft UIInterfaceOrientationLandscapeRight";
				INFOPLIST_KEY_UISupportedInterfaceOrientations_iPhone = "UIInterfaceOrientationPortrait UIInterfaceOrientationLandscapeLeft UIInterfaceOrientationLandscapeRight";
				LD_RUNPATH_SEARCH_PATHS = (
					"$(inherited)",
					"@executable_path/Frameworks",
				);
				MARKETING_VERSION = 1.0;
				PRODUCT_BUNDLE_IDENTIFIER = com.artem.IChat;
				PRODUCT_NAME = "$(TARGET_NAME)";
				SWIFT_EMIT_LOC_STRINGS = YES;
				SWIFT_VERSION = 5.0;
				TARGETED_DEVICE_FAMILY = "1,2";
			};
			name = Release;
		};
/* End XCBuildConfiguration section */

/* Begin XCConfigurationList section */
		005EC04D28A0599E007FCA42 /* Build configuration list for PBXProject "IChat" */ = {
			isa = XCConfigurationList;
			buildConfigurations = (
				005EC06428A0599F007FCA42 /* Debug */,
				005EC06528A0599F007FCA42 /* Release */,
			);
			defaultConfigurationIsVisible = 0;
			defaultConfigurationName = Release;
		};
		005EC06628A0599F007FCA42 /* Build configuration list for PBXNativeTarget "IChat" */ = {
			isa = XCConfigurationList;
			buildConfigurations = (
				005EC06728A0599F007FCA42 /* Debug */,
				005EC06828A0599F007FCA42 /* Release */,
			);
			defaultConfigurationIsVisible = 0;
			defaultConfigurationName = Release;
		};
/* End XCConfigurationList section */
	};
	rootObject = 005EC04A28A0599E007FCA42 /* Project object */;
}
