// !$*UTF8*$!
{
	archiveVersion = 1;
	classes = {
	};
	objectVersion = 55;
	objects = {

/* Begin PBXBuildFile section */
		0013191728AD77570014E8EE /* StackView + Extension.swift in Sources */ = {isa = PBXBuildFile; fileRef = 0013191628AD77570014E8EE /* StackView + Extension.swift */; };
		0013191928AD7AB50014E8EE /* SignUpViewController.swift in Sources */ = {isa = PBXBuildFile; fileRef = 0013191828AD7AB50014E8EE /* SignUpViewController.swift */; };
		0013191B28AD7D4C0014E8EE /* OneLineTextField.swift in Sources */ = {isa = PBXBuildFile; fileRef = 0013191A28AD7D4C0014E8EE /* OneLineTextField.swift */; };
		0013191D28AD90EF0014E8EE /* LoginViewController.swift in Sources */ = {isa = PBXBuildFile; fileRef = 0013191C28AD90EF0014E8EE /* LoginViewController.swift */; };
		0029B79A28AE486700CE0638 /* SetupProfileViewController.swift in Sources */ = {isa = PBXBuildFile; fileRef = 0029B79928AE486700CE0638 /* SetupProfileViewController.swift */; };
		0029B79C28AE4AF300CE0638 /* AddPhotoView.swift in Sources */ = {isa = PBXBuildFile; fileRef = 0029B79B28AE4AF300CE0638 /* AddPhotoView.swift */; };
		002F83C928B3EE7B00B7E91D /* GradientView.swift in Sources */ = {isa = PBXBuildFile; fileRef = 002F83C828B3EE7B00B7E91D /* GradientView.swift */; };
		002F83CB28B3F9C000B7E91D /* WaitingChatCell.swift in Sources */ = {isa = PBXBuildFile; fileRef = 002F83CA28B3F9C000B7E91D /* WaitingChatCell.swift */; };
		002F83CD28B3FACD00B7E91D /* SelfConfiguringCell.swift in Sources */ = {isa = PBXBuildFile; fileRef = 002F83CC28B3FACD00B7E91D /* SelfConfiguringCell.swift */; };
		002F83D028B4009C00B7E91D /* SectionHeader.swift in Sources */ = {isa = PBXBuildFile; fileRef = 002F83CF28B4009C00B7E91D /* SectionHeader.swift */; };
		002F83D228B4F3E500B7E91D /* users.json in Resources */ = {isa = PBXBuildFile; fileRef = 002F83D128B4F3E500B7E91D /* users.json */; };
		002F83D528B4F49800B7E91D /* MUser.swift in Sources */ = {isa = PBXBuildFile; fileRef = 002F83D428B4F49800B7E91D /* MUser.swift */; };
		002F83D728B4F4AA00B7E91D /* MChat.swift in Sources */ = {isa = PBXBuildFile; fileRef = 002F83D628B4F4AA00B7E91D /* MChat.swift */; };
		002F83DA28B50E6100B7E91D /* UserCell.swift in Sources */ = {isa = PBXBuildFile; fileRef = 002F83D928B50E6100B7E91D /* UserCell.swift */; };
		002F83DC28B50FFF00B7E91D /* UIViewController + Extension.swift in Sources */ = {isa = PBXBuildFile; fileRef = 002F83DB28B50FFF00B7E91D /* UIViewController + Extension.swift */; };
		002F83E028B5356700B7E91D /* ProfileViewController.swift in Sources */ = {isa = PBXBuildFile; fileRef = 002F83DF28B5356700B7E91D /* ProfileViewController.swift */; };
		002F83E228B537FB00B7E91D /* InsertableTextField.swift in Sources */ = {isa = PBXBuildFile; fileRef = 002F83E128B537FB00B7E91D /* InsertableTextField.swift */; };
		002F83E428B53A2300B7E91D /* UIView + Extension.swift in Sources */ = {isa = PBXBuildFile; fileRef = 002F83E328B53A2300B7E91D /* UIView + Extension.swift */; };
		002F83E628B54C5E00B7E91D /* ChatRequestViewController.swift in Sources */ = {isa = PBXBuildFile; fileRef = 002F83E528B54C5E00B7E91D /* ChatRequestViewController.swift */; };
		002F83E828B64BE700B7E91D /* GoogleService-Info.plist in Resources */ = {isa = PBXBuildFile; fileRef = 002F83E728B64BE700B7E91D /* GoogleService-Info.plist */; };
		003360FC28AE87B5006DFA44 /* SegmentedControll + Extension.swift in Sources */ = {isa = PBXBuildFile; fileRef = 003360FB28AE87B5006DFA44 /* SegmentedControll + Extension.swift */; };
		0033610228AEC8E5006DFA44 /* MainTabBarController.swift in Sources */ = {isa = PBXBuildFile; fileRef = 0033610128AEC8E5006DFA44 /* MainTabBarController.swift */; };
		0033610428AECA6B006DFA44 /* PeopleViewController.swift in Sources */ = {isa = PBXBuildFile; fileRef = 0033610328AECA6B006DFA44 /* PeopleViewController.swift */; };
		0033610628B270B5006DFA44 /* ListViewController.swift in Sources */ = {isa = PBXBuildFile; fileRef = 0033610528B270B5006DFA44 /* ListViewController.swift */; };
		0033610828B3C6FA006DFA44 /* activeChats.json in Resources */ = {isa = PBXBuildFile; fileRef = 0033610728B3C6FA006DFA44 /* activeChats.json */; };
		0033610A28B3C6FF006DFA44 /* waitingChats.json in Resources */ = {isa = PBXBuildFile; fileRef = 0033610928B3C6FF006DFA44 /* waitingChats.json */; };
		0033610C28B3C725006DFA44 /* Bundle-Decodable.swift in Sources */ = {isa = PBXBuildFile; fileRef = 0033610B28B3C725006DFA44 /* Bundle-Decodable.swift */; };
		0033610F28B3DAAA006DFA44 /* ActiveChatCell.swift in Sources */ = {isa = PBXBuildFile; fileRef = 0033610E28B3DAAA006DFA44 /* ActiveChatCell.swift */; };
		0051E3FA28B7A0690098C8C5 /* AuthNavigationDelegate.swift in Sources */ = {isa = PBXBuildFile; fileRef = 0051E3F928B7A0690098C8C5 /* AuthNavigationDelegate.swift */; };
		0051E3FC28B7A6950098C8C5 /* FirestoreService.swift in Sources */ = {isa = PBXBuildFile; fileRef = 0051E3FB28B7A6950098C8C5 /* FirestoreService.swift */; };
		005EC05628A0599E007FCA42 /* AppDelegate.swift in Sources */ = {isa = PBXBuildFile; fileRef = 005EC05528A0599E007FCA42 /* AppDelegate.swift */; };
		005EC05828A0599E007FCA42 /* SceneDelegate.swift in Sources */ = {isa = PBXBuildFile; fileRef = 005EC05728A0599E007FCA42 /* SceneDelegate.swift */; };
		005EC05A28A0599E007FCA42 /* AuthViewController.swift in Sources */ = {isa = PBXBuildFile; fileRef = 005EC05928A0599E007FCA42 /* AuthViewController.swift */; };
		005EC05F28A0599F007FCA42 /* Assets.xcassets in Resources */ = {isa = PBXBuildFile; fileRef = 005EC05E28A0599F007FCA42 /* Assets.xcassets */; };
		005EC06228A0599F007FCA42 /* LaunchScreen.storyboard in Resources */ = {isa = PBXBuildFile; fileRef = 005EC06028A0599F007FCA42 /* LaunchScreen.storyboard */; };
		005EC06A28AD4805007FCA42 /* UIButton + Extension.swift in Sources */ = {isa = PBXBuildFile; fileRef = 005EC06928AD4805007FCA42 /* UIButton + Extension.swift */; };
		005EC06C28AD57F3007FCA42 /* UIFont + Extansion.swift in Sources */ = {isa = PBXBuildFile; fileRef = 005EC06B28AD57F3007FCA42 /* UIFont + Extansion.swift */; };
		005EC06E28AD5899007FCA42 /* UIColor + Extansion.swift in Sources */ = {isa = PBXBuildFile; fileRef = 005EC06D28AD5899007FCA42 /* UIColor + Extansion.swift */; };
		005EC07028AD5B1A007FCA42 /* UILabel + Extansion.swift in Sources */ = {isa = PBXBuildFile; fileRef = 005EC06F28AD5B1A007FCA42 /* UILabel + Extansion.swift */; };
		005EC07228AD5BBC007FCA42 /* UIImageView + Extansion.swift in Sources */ = {isa = PBXBuildFile; fileRef = 005EC07128AD5BBC007FCA42 /* UIImageView + Extansion.swift */; };
		005EC07628AD6A97007FCA42 /* ButtonFormView.swift in Sources */ = {isa = PBXBuildFile; fileRef = 005EC07528AD6A97007FCA42 /* ButtonFormView.swift */; };
		007DDD4F28B65B2300A02CAC /* AuthService.swift in Sources */ = {isa = PBXBuildFile; fileRef = 007DDD4E28B65B2300A02CAC /* AuthService.swift */; };
		007DDD5328B6670F00A02CAC /* Validators.swift in Sources */ = {isa = PBXBuildFile; fileRef = 007DDD5228B6670F00A02CAC /* Validators.swift */; };
		007DDD5528B6690C00A02CAC /* AuthError.swift in Sources */ = {isa = PBXBuildFile; fileRef = 007DDD5428B6690C00A02CAC /* AuthError.swift */; };
		2A1609FF519A561482298DE6 /* Pods_IChat.framework in Frameworks */ = {isa = PBXBuildFile; fileRef = 63970CAF41B8D72D4A643386 /* Pods_IChat.framework */; };
/* End PBXBuildFile section */

/* Begin PBXFileReference section */
		0013191628AD77570014E8EE /* StackView + Extension.swift */ = {isa = PBXFileReference; lastKnownFileType = sourcecode.swift; path = "StackView + Extension.swift"; sourceTree = "<group>"; };
		0013191828AD7AB50014E8EE /* SignUpViewController.swift */ = {isa = PBXFileReference; lastKnownFileType = sourcecode.swift; path = SignUpViewController.swift; sourceTree = "<group>"; };
		0013191A28AD7D4C0014E8EE /* OneLineTextField.swift */ = {isa = PBXFileReference; lastKnownFileType = sourcecode.swift; path = OneLineTextField.swift; sourceTree = "<group>"; };
		0013191C28AD90EF0014E8EE /* LoginViewController.swift */ = {isa = PBXFileReference; lastKnownFileType = sourcecode.swift; path = LoginViewController.swift; sourceTree = "<group>"; };
		0029B79928AE486700CE0638 /* SetupProfileViewController.swift */ = {isa = PBXFileReference; lastKnownFileType = sourcecode.swift; path = SetupProfileViewController.swift; sourceTree = "<group>"; };
		0029B79B28AE4AF300CE0638 /* AddPhotoView.swift */ = {isa = PBXFileReference; lastKnownFileType = sourcecode.swift; path = AddPhotoView.swift; sourceTree = "<group>"; };
		002F83C828B3EE7B00B7E91D /* GradientView.swift */ = {isa = PBXFileReference; lastKnownFileType = sourcecode.swift; path = GradientView.swift; sourceTree = "<group>"; };
		002F83CA28B3F9C000B7E91D /* WaitingChatCell.swift */ = {isa = PBXFileReference; lastKnownFileType = sourcecode.swift; path = WaitingChatCell.swift; sourceTree = "<group>"; };
		002F83CC28B3FACD00B7E91D /* SelfConfiguringCell.swift */ = {isa = PBXFileReference; lastKnownFileType = sourcecode.swift; path = SelfConfiguringCell.swift; sourceTree = "<group>"; };
		002F83CF28B4009C00B7E91D /* SectionHeader.swift */ = {isa = PBXFileReference; lastKnownFileType = sourcecode.swift; path = SectionHeader.swift; sourceTree = "<group>"; };
		002F83D128B4F3E500B7E91D /* users.json */ = {isa = PBXFileReference; fileEncoding = 4; lastKnownFileType = text.json; path = users.json; sourceTree = "<group>"; };
		002F83D428B4F49800B7E91D /* MUser.swift */ = {isa = PBXFileReference; lastKnownFileType = sourcecode.swift; path = MUser.swift; sourceTree = "<group>"; };
		002F83D628B4F4AA00B7E91D /* MChat.swift */ = {isa = PBXFileReference; lastKnownFileType = sourcecode.swift; path = MChat.swift; sourceTree = "<group>"; };
		002F83D928B50E6100B7E91D /* UserCell.swift */ = {isa = PBXFileReference; lastKnownFileType = sourcecode.swift; path = UserCell.swift; sourceTree = "<group>"; };
		002F83DB28B50FFF00B7E91D /* UIViewController + Extension.swift */ = {isa = PBXFileReference; lastKnownFileType = sourcecode.swift; path = "UIViewController + Extension.swift"; sourceTree = "<group>"; };
		002F83DF28B5356700B7E91D /* ProfileViewController.swift */ = {isa = PBXFileReference; fileEncoding = 4; lastKnownFileType = sourcecode.swift; path = ProfileViewController.swift; sourceTree = "<group>"; };
		002F83E128B537FB00B7E91D /* InsertableTextField.swift */ = {isa = PBXFileReference; lastKnownFileType = sourcecode.swift; path = InsertableTextField.swift; sourceTree = "<group>"; };
		002F83E328B53A2300B7E91D /* UIView + Extension.swift */ = {isa = PBXFileReference; lastKnownFileType = sourcecode.swift; path = "UIView + Extension.swift"; sourceTree = "<group>"; };
		002F83E528B54C5E00B7E91D /* ChatRequestViewController.swift */ = {isa = PBXFileReference; lastKnownFileType = sourcecode.swift; path = ChatRequestViewController.swift; sourceTree = "<group>"; };
		002F83E728B64BE700B7E91D /* GoogleService-Info.plist */ = {isa = PBXFileReference; fileEncoding = 4; lastKnownFileType = text.plist.xml; path = "GoogleService-Info.plist"; sourceTree = "<group>"; };
		003360FB28AE87B5006DFA44 /* SegmentedControll + Extension.swift */ = {isa = PBXFileReference; lastKnownFileType = sourcecode.swift; path = "SegmentedControll + Extension.swift"; sourceTree = "<group>"; };
		0033610128AEC8E5006DFA44 /* MainTabBarController.swift */ = {isa = PBXFileReference; lastKnownFileType = sourcecode.swift; path = MainTabBarController.swift; sourceTree = "<group>"; };
		0033610328AECA6B006DFA44 /* PeopleViewController.swift */ = {isa = PBXFileReference; lastKnownFileType = sourcecode.swift; path = PeopleViewController.swift; sourceTree = "<group>"; };
		0033610528B270B5006DFA44 /* ListViewController.swift */ = {isa = PBXFileReference; fileEncoding = 4; lastKnownFileType = sourcecode.swift; path = ListViewController.swift; sourceTree = "<group>"; };
		0033610728B3C6FA006DFA44 /* activeChats.json */ = {isa = PBXFileReference; fileEncoding = 4; lastKnownFileType = text.json; path = activeChats.json; sourceTree = "<group>"; };
		0033610928B3C6FF006DFA44 /* waitingChats.json */ = {isa = PBXFileReference; fileEncoding = 4; lastKnownFileType = text.json; path = waitingChats.json; sourceTree = "<group>"; };
		0033610B28B3C725006DFA44 /* Bundle-Decodable.swift */ = {isa = PBXFileReference; fileEncoding = 4; lastKnownFileType = sourcecode.swift; path = "Bundle-Decodable.swift"; sourceTree = "<group>"; };
		0033610E28B3DAAA006DFA44 /* ActiveChatCell.swift */ = {isa = PBXFileReference; lastKnownFileType = sourcecode.swift; path = ActiveChatCell.swift; sourceTree = "<group>"; };
		0051E3F928B7A0690098C8C5 /* AuthNavigationDelegate.swift */ = {isa = PBXFileReference; lastKnownFileType = sourcecode.swift; path = AuthNavigationDelegate.swift; sourceTree = "<group>"; };
		0051E3FB28B7A6950098C8C5 /* FirestoreService.swift */ = {isa = PBXFileReference; lastKnownFileType = sourcecode.swift; path = FirestoreService.swift; sourceTree = "<group>"; };
		005EC05228A0599E007FCA42 /* IChat.app */ = {isa = PBXFileReference; explicitFileType = wrapper.application; includeInIndex = 0; path = IChat.app; sourceTree = BUILT_PRODUCTS_DIR; };
		005EC05528A0599E007FCA42 /* AppDelegate.swift */ = {isa = PBXFileReference; lastKnownFileType = sourcecode.swift; path = AppDelegate.swift; sourceTree = "<group>"; };
		005EC05728A0599E007FCA42 /* SceneDelegate.swift */ = {isa = PBXFileReference; lastKnownFileType = sourcecode.swift; path = SceneDelegate.swift; sourceTree = "<group>"; };
		005EC05928A0599E007FCA42 /* AuthViewController.swift */ = {isa = PBXFileReference; lastKnownFileType = sourcecode.swift; path = AuthViewController.swift; sourceTree = "<group>"; };
		005EC05E28A0599F007FCA42 /* Assets.xcassets */ = {isa = PBXFileReference; lastKnownFileType = folder.assetcatalog; path = Assets.xcassets; sourceTree = "<group>"; };
		005EC06128A0599F007FCA42 /* Base */ = {isa = PBXFileReference; lastKnownFileType = file.storyboard; name = Base; path = Base.lproj/LaunchScreen.storyboard; sourceTree = "<group>"; };
		005EC06328A0599F007FCA42 /* Info.plist */ = {isa = PBXFileReference; lastKnownFileType = text.plist.xml; path = Info.plist; sourceTree = "<group>"; };
		005EC06928AD4805007FCA42 /* UIButton + Extension.swift */ = {isa = PBXFileReference; lastKnownFileType = sourcecode.swift; path = "UIButton + Extension.swift"; sourceTree = "<group>"; };
		005EC06B28AD57F3007FCA42 /* UIFont + Extansion.swift */ = {isa = PBXFileReference; lastKnownFileType = sourcecode.swift; path = "UIFont + Extansion.swift"; sourceTree = "<group>"; };
		005EC06D28AD5899007FCA42 /* UIColor + Extansion.swift */ = {isa = PBXFileReference; lastKnownFileType = sourcecode.swift; path = "UIColor + Extansion.swift"; sourceTree = "<group>"; };
		005EC06F28AD5B1A007FCA42 /* UILabel + Extansion.swift */ = {isa = PBXFileReference; lastKnownFileType = sourcecode.swift; path = "UILabel + Extansion.swift"; sourceTree = "<group>"; };
		005EC07128AD5BBC007FCA42 /* UIImageView + Extansion.swift */ = {isa = PBXFileReference; lastKnownFileType = sourcecode.swift; path = "UIImageView + Extansion.swift"; sourceTree = "<group>"; };
		005EC07528AD6A97007FCA42 /* ButtonFormView.swift */ = {isa = PBXFileReference; lastKnownFileType = sourcecode.swift; path = ButtonFormView.swift; sourceTree = "<group>"; };
		007DDD4E28B65B2300A02CAC /* AuthService.swift */ = {isa = PBXFileReference; lastKnownFileType = sourcecode.swift; path = AuthService.swift; sourceTree = "<group>"; };
		007DDD5228B6670F00A02CAC /* Validators.swift */ = {isa = PBXFileReference; lastKnownFileType = sourcecode.swift; path = Validators.swift; sourceTree = "<group>"; };
		007DDD5428B6690C00A02CAC /* AuthError.swift */ = {isa = PBXFileReference; lastKnownFileType = sourcecode.swift; path = AuthError.swift; sourceTree = "<group>"; };
		63970CAF41B8D72D4A643386 /* Pods_IChat.framework */ = {isa = PBXFileReference; explicitFileType = wrapper.framework; includeInIndex = 0; path = Pods_IChat.framework; sourceTree = BUILT_PRODUCTS_DIR; };
		6ACE9783182E124B8EF6C4F8 /* Pods-IChat.debug.xcconfig */ = {isa = PBXFileReference; includeInIndex = 1; lastKnownFileType = text.xcconfig; name = "Pods-IChat.debug.xcconfig"; path = "Target Support Files/Pods-IChat/Pods-IChat.debug.xcconfig"; sourceTree = "<group>"; };
		B6F7906C5839B172A92F0CCB /* Pods-IChat.release.xcconfig */ = {isa = PBXFileReference; includeInIndex = 1; lastKnownFileType = text.xcconfig; name = "Pods-IChat.release.xcconfig"; path = "Target Support Files/Pods-IChat/Pods-IChat.release.xcconfig"; sourceTree = "<group>"; };
/* End PBXFileReference section */

/* Begin PBXFrameworksBuildPhase section */
		005EC04F28A0599E007FCA42 /* Frameworks */ = {
			isa = PBXFrameworksBuildPhase;
			buildActionMask = 2147483647;
			files = (
				2A1609FF519A561482298DE6 /* Pods_IChat.framework in Frameworks */,
			);
			runOnlyForDeploymentPostprocessing = 0;
		};
/* End PBXFrameworksBuildPhase section */

/* Begin PBXGroup section */
		002F83CE28B3FAF100B7E91D /* Protocols */ = {
			isa = PBXGroup;
			children = (
				002F83CC28B3FACD00B7E91D /* SelfConfiguringCell.swift */,
				0051E3F928B7A0690098C8C5 /* AuthNavigationDelegate.swift */,
			);
			path = Protocols;
			sourceTree = "<group>";
		};
		002F83D328B4F3FF00B7E91D /* Header */ = {
			isa = PBXGroup;
			children = (
				002F83CF28B4009C00B7E91D /* SectionHeader.swift */,
			);
			path = Header;
			sourceTree = "<group>";
		};
		002F83D828B4F4FC00B7E91D /* Models */ = {
			isa = PBXGroup;
			children = (
				002F83D428B4F49800B7E91D /* MUser.swift */,
				002F83D628B4F4AA00B7E91D /* MChat.swift */,
			);
			path = Models;
			sourceTree = "<group>";
		};
		003360FF28AEC8A4006DFA44 /* SignIn&Auth */ = {
			isa = PBXGroup;
			children = (
				0013191C28AD90EF0014E8EE /* LoginViewController.swift */,
				005EC05928A0599E007FCA42 /* AuthViewController.swift */,
				0013191828AD7AB50014E8EE /* SignUpViewController.swift */,
				0029B79928AE486700CE0638 /* SetupProfileViewController.swift */,
			);
			path = "SignIn&Auth";
			sourceTree = "<group>";
		};
		0033610028AEC8C0006DFA44 /* Controllers */ = {
			isa = PBXGroup;
			children = (
				0033610128AEC8E5006DFA44 /* MainTabBarController.swift */,
				0033610528B270B5006DFA44 /* ListViewController.swift */,
				0033610328AECA6B006DFA44 /* PeopleViewController.swift */,
				002F83DF28B5356700B7E91D /* ProfileViewController.swift */,
				002F83D328B4F3FF00B7E91D /* Header */,
				0033610D28B3DA90006DFA44 /* Cell */,
				002F83E528B54C5E00B7E91D /* ChatRequestViewController.swift */,
			);
			path = Controllers;
			sourceTree = "<group>";
		};
		0033610D28B3DA90006DFA44 /* Cell */ = {
			isa = PBXGroup;
			children = (
				0033610E28B3DAAA006DFA44 /* ActiveChatCell.swift */,
				002F83CA28B3F9C000B7E91D /* WaitingChatCell.swift */,
				002F83D928B50E6100B7E91D /* UserCell.swift */,
			);
			path = Cell;
			sourceTree = "<group>";
		};
		005EC04928A0599E007FCA42 = {
			isa = PBXGroup;
			children = (
				005EC05428A0599E007FCA42 /* IChat */,
				005EC05328A0599E007FCA42 /* Products */,
				E73D7CC693738BEE883037A5 /* Pods */,
				BE29ACD6BDA2DB7ACDC9FA21 /* Frameworks */,
			);
			sourceTree = "<group>";
		};
		005EC05328A0599E007FCA42 /* Products */ = {
			isa = PBXGroup;
			children = (
				005EC05228A0599E007FCA42 /* IChat.app */,
			);
			name = Products;
			sourceTree = "<group>";
		};
		005EC05428A0599E007FCA42 /* IChat */ = {
			isa = PBXGroup;
			children = (
				0033610028AEC8C0006DFA44 /* Controllers */,
				007DDD4B28B65ACF00A02CAC /* Services */,
				003360FF28AEC8A4006DFA44 /* SignIn&Auth */,
				002F83CE28B3FAF100B7E91D /* Protocols */,
				005EC07428AD696C007FCA42 /* Extension */,
				007DDD5628B66EBB00A02CAC /* Helpers */,
				005EC05E28A0599F007FCA42 /* Assets.xcassets */,
				005EC06028A0599F007FCA42 /* LaunchScreen.storyboard */,
				005EC05528A0599E007FCA42 /* AppDelegate.swift */,
				005EC05728A0599E007FCA42 /* SceneDelegate.swift */,
				005EC06328A0599F007FCA42 /* Info.plist */,
				002F83E728B64BE700B7E91D /* GoogleService-Info.plist */,
			);
			path = IChat;
			sourceTree = "<group>";
		};
		005EC07328AD695D007FCA42 /* UIKit */ = {
			isa = PBXGroup;
			children = (
				003360FB28AE87B5006DFA44 /* SegmentedControll + Extension.swift */,
				005EC06928AD4805007FCA42 /* UIButton + Extension.swift */,
				005EC06B28AD57F3007FCA42 /* UIFont + Extansion.swift */,
				005EC06D28AD5899007FCA42 /* UIColor + Extansion.swift */,
				005EC06F28AD5B1A007FCA42 /* UILabel + Extansion.swift */,
				005EC07128AD5BBC007FCA42 /* UIImageView + Extansion.swift */,
				0013191628AD77570014E8EE /* StackView + Extension.swift */,
				0033610728B3C6FA006DFA44 /* activeChats.json */,
				0033610928B3C6FF006DFA44 /* waitingChats.json */,
				002F83D128B4F3E500B7E91D /* users.json */,
				002F83DB28B50FFF00B7E91D /* UIViewController + Extension.swift */,
				002F83E328B53A2300B7E91D /* UIView + Extension.swift */,
			);
			path = UIKit;
			sourceTree = "<group>";
		};
		005EC07428AD696C007FCA42 /* Extension */ = {
			isa = PBXGroup;
			children = (
				0029B79B28AE4AF300CE0638 /* AddPhotoView.swift */,
				0013191A28AD7D4C0014E8EE /* OneLineTextField.swift */,
				005EC07528AD6A97007FCA42 /* ButtonFormView.swift */,
				0033610B28B3C725006DFA44 /* Bundle-Decodable.swift */,
				005EC07328AD695D007FCA42 /* UIKit */,
				002F83C828B3EE7B00B7E91D /* GradientView.swift */,
				002F83E128B537FB00B7E91D /* InsertableTextField.swift */,
			);
			path = Extension;
			sourceTree = "<group>";
		};
		007DDD4B28B65ACF00A02CAC /* Services */ = {
			isa = PBXGroup;
			children = (
				007DDD4E28B65B2300A02CAC /* AuthService.swift */,
				002F83D828B4F4FC00B7E91D /* Models */,
				0051E3FB28B7A6950098C8C5 /* FirestoreService.swift */,
			);
			path = Services;
			sourceTree = "<group>";
		};
		007DDD5628B66EBB00A02CAC /* Helpers */ = {
			isa = PBXGroup;
			children = (
				007DDD5428B6690C00A02CAC /* AuthError.swift */,
				007DDD5228B6670F00A02CAC /* Validators.swift */,
			);
			name = Helpers;
			path = Extension;
			sourceTree = "<group>";
		};
		BE29ACD6BDA2DB7ACDC9FA21 /* Frameworks */ = {
			isa = PBXGroup;
			children = (
				63970CAF41B8D72D4A643386 /* Pods_IChat.framework */,
			);
			name = Frameworks;
			sourceTree = "<group>";
		};
		E73D7CC693738BEE883037A5 /* Pods */ = {
			isa = PBXGroup;
			children = (
				6ACE9783182E124B8EF6C4F8 /* Pods-IChat.debug.xcconfig */,
				B6F7906C5839B172A92F0CCB /* Pods-IChat.release.xcconfig */,
			);
			path = Pods;
			sourceTree = "<group>";
		};
/* End PBXGroup section */

/* Begin PBXNativeTarget section */
		005EC05128A0599E007FCA42 /* IChat */ = {
			isa = PBXNativeTarget;
			buildConfigurationList = 005EC06628A0599F007FCA42 /* Build configuration list for PBXNativeTarget "IChat" */;
			buildPhases = (
				EA90EDA18FE086C981C900A4 /* [CP] Check Pods Manifest.lock */,
				005EC04E28A0599E007FCA42 /* Sources */,
				005EC04F28A0599E007FCA42 /* Frameworks */,
				005EC05028A0599E007FCA42 /* Resources */,
				B4B6C2965F0AD67826F8C2D9 /* [CP] Embed Pods Frameworks */,
			);
			buildRules = (
			);
			dependencies = (
			);
			name = IChat;
			productName = IChat;
			productReference = 005EC05228A0599E007FCA42 /* IChat.app */;
			productType = "com.apple.product-type.application";
		};
/* End PBXNativeTarget section */

/* Begin PBXProject section */
		005EC04A28A0599E007FCA42 /* Project object */ = {
			isa = PBXProject;
			attributes = {
				BuildIndependentTargetsInParallel = 1;
				LastSwiftUpdateCheck = 1340;
				LastUpgradeCheck = 1340;
				TargetAttributes = {
					005EC05128A0599E007FCA42 = {
						CreatedOnToolsVersion = 13.4.1;
					};
				};
			};
			buildConfigurationList = 005EC04D28A0599E007FCA42 /* Build configuration list for PBXProject "IChat" */;
			compatibilityVersion = "Xcode 13.0";
			developmentRegion = en;
			hasScannedForEncodings = 0;
			knownRegions = (
				en,
				Base,
			);
			mainGroup = 005EC04928A0599E007FCA42;
			productRefGroup = 005EC05328A0599E007FCA42 /* Products */;
			projectDirPath = "";
			projectRoot = "";
			targets = (
				005EC05128A0599E007FCA42 /* IChat */,
			);
		};
/* End PBXProject section */

/* Begin PBXResourcesBuildPhase section */
		005EC05028A0599E007FCA42 /* Resources */ = {
			isa = PBXResourcesBuildPhase;
			buildActionMask = 2147483647;
			files = (
				002F83D228B4F3E500B7E91D /* users.json in Resources */,
				002F83E828B64BE700B7E91D /* GoogleService-Info.plist in Resources */,
				005EC06228A0599F007FCA42 /* LaunchScreen.storyboard in Resources */,
				0033610828B3C6FA006DFA44 /* activeChats.json in Resources */,
				005EC05F28A0599F007FCA42 /* Assets.xcassets in Resources */,
				0033610A28B3C6FF006DFA44 /* waitingChats.json in Resources */,
			);
			runOnlyForDeploymentPostprocessing = 0;
		};
/* End PBXResourcesBuildPhase section */

/* Begin PBXShellScriptBuildPhase section */
		B4B6C2965F0AD67826F8C2D9 /* [CP] Embed Pods Frameworks */ = {
			isa = PBXShellScriptBuildPhase;
			buildActionMask = 2147483647;
			files = (
			);
			inputFileListPaths = (
				"${PODS_ROOT}/Target Support Files/Pods-IChat/Pods-IChat-frameworks-${CONFIGURATION}-input-files.xcfilelist",
			);
			name = "[CP] Embed Pods Frameworks";
			outputFileListPaths = (
				"${PODS_ROOT}/Target Support Files/Pods-IChat/Pods-IChat-frameworks-${CONFIGURATION}-output-files.xcfilelist",
			);
			runOnlyForDeploymentPostprocessing = 0;
			shellPath = /bin/sh;
			shellScript = "\"${PODS_ROOT}/Target Support Files/Pods-IChat/Pods-IChat-frameworks.sh\"\n";
			showEnvVarsInLog = 0;
		};
		EA90EDA18FE086C981C900A4 /* [CP] Check Pods Manifest.lock */ = {
			isa = PBXShellScriptBuildPhase;
			buildActionMask = 2147483647;
			files = (
			);
			inputFileListPaths = (
			);
			inputPaths = (
				"${PODS_PODFILE_DIR_PATH}/Podfile.lock",
				"${PODS_ROOT}/Manifest.lock",
			);
			name = "[CP] Check Pods Manifest.lock";
			outputFileListPaths = (
			);
			outputPaths = (
				"$(DERIVED_FILE_DIR)/Pods-IChat-checkManifestLockResult.txt",
			);
			runOnlyForDeploymentPostprocessing = 0;
			shellPath = /bin/sh;
			shellScript = "diff \"${PODS_PODFILE_DIR_PATH}/Podfile.lock\" \"${PODS_ROOT}/Manifest.lock\" > /dev/null\nif [ $? != 0 ] ; then\n    # print error to STDERR\n    echo \"error: The sandbox is not in sync with the Podfile.lock. Run 'pod install' or update your CocoaPods installation.\" >&2\n    exit 1\nfi\n# This output is used by Xcode 'outputs' to avoid re-running this script phase.\necho \"SUCCESS\" > \"${SCRIPT_OUTPUT_FILE_0}\"\n";
			showEnvVarsInLog = 0;
		};
/* End PBXShellScriptBuildPhase section */

/* Begin PBXSourcesBuildPhase section */
		005EC04E28A0599E007FCA42 /* Sources */ = {
			isa = PBXSourcesBuildPhase;
			buildActionMask = 2147483647;
			files = (
				002F83D728B4F4AA00B7E91D /* MChat.swift in Sources */,
				0013191B28AD7D4C0014E8EE /* OneLineTextField.swift in Sources */,
				0033610228AEC8E5006DFA44 /* MainTabBarController.swift in Sources */,
				002F83D028B4009C00B7E91D /* SectionHeader.swift in Sources */,
				002F83C928B3EE7B00B7E91D /* GradientView.swift in Sources */,
				0013191928AD7AB50014E8EE /* SignUpViewController.swift in Sources */,
				007DDD5528B6690C00A02CAC /* AuthError.swift in Sources */,
				005EC07228AD5BBC007FCA42 /* UIImageView + Extansion.swift in Sources */,
				002F83D528B4F49800B7E91D /* MUser.swift in Sources */,
				007DDD5328B6670F00A02CAC /* Validators.swift in Sources */,
				0033610F28B3DAAA006DFA44 /* ActiveChatCell.swift in Sources */,
				0033610428AECA6B006DFA44 /* PeopleViewController.swift in Sources */,
				0051E3FA28B7A0690098C8C5 /* AuthNavigationDelegate.swift in Sources */,
				002F83E228B537FB00B7E91D /* InsertableTextField.swift in Sources */,
				005EC05A28A0599E007FCA42 /* AuthViewController.swift in Sources */,
				0051E3FC28B7A6950098C8C5 /* FirestoreService.swift in Sources */,
				0029B79A28AE486700CE0638 /* SetupProfileViewController.swift in Sources */,
				002F83E028B5356700B7E91D /* ProfileViewController.swift in Sources */,
				0033610C28B3C725006DFA44 /* Bundle-Decodable.swift in Sources */,
				002F83E628B54C5E00B7E91D /* ChatRequestViewController.swift in Sources */,
				005EC05628A0599E007FCA42 /* AppDelegate.swift in Sources */,
				0033610628B270B5006DFA44 /* ListViewController.swift in Sources */,
				005EC07628AD6A97007FCA42 /* ButtonFormView.swift in Sources */,
				003360FC28AE87B5006DFA44 /* SegmentedControll + Extension.swift in Sources */,
				0029B79C28AE4AF300CE0638 /* AddPhotoView.swift in Sources */,
				002F83E428B53A2300B7E91D /* UIView + Extension.swift in Sources */,
				005EC06C28AD57F3007FCA42 /* UIFont + Extansion.swift in Sources */,
				005EC05828A0599E007FCA42 /* SceneDelegate.swift in Sources */,
				002F83DA28B50E6100B7E91D /* UserCell.swift in Sources */,
				002F83DC28B50FFF00B7E91D /* UIViewController + Extension.swift in Sources */,
				002F83CD28B3FACD00B7E91D /* SelfConfiguringCell.swift in Sources */,
				002F83CB28B3F9C000B7E91D /* WaitingChatCell.swift in Sources */,
				005EC06A28AD4805007FCA42 /* UIButton + Extension.swift in Sources */,
				005EC07028AD5B1A007FCA42 /* UILabel + Extansion.swift in Sources */,
				005EC06E28AD5899007FCA42 /* UIColor + Extansion.swift in Sources */,
				007DDD4F28B65B2300A02CAC /* AuthService.swift in Sources */,
				0013191D28AD90EF0014E8EE /* LoginViewController.swift in Sources */,
				0013191728AD77570014E8EE /* StackView + Extension.swift in Sources */,
			);
			runOnlyForDeploymentPostprocessing = 0;
		};
/* End PBXSourcesBuildPhase section */

/* Begin PBXVariantGroup section */
		005EC06028A0599F007FCA42 /* LaunchScreen.storyboard */ = {
			isa = PBXVariantGroup;
			children = (
				005EC06128A0599F007FCA42 /* Base */,
			);
			name = LaunchScreen.storyboard;
			sourceTree = "<group>";
		};
/* End PBXVariantGroup section */

/* Begin XCBuildConfiguration section */
		005EC06428A0599F007FCA42 /* Debug */ = {
			isa = XCBuildConfiguration;
			buildSettings = {
				ALWAYS_SEARCH_USER_PATHS = NO;
				CLANG_ANALYZER_NONNULL = YES;
				CLANG_ANALYZER_NUMBER_OBJECT_CONVERSION = YES_AGGRESSIVE;
				CLANG_CXX_LANGUAGE_STANDARD = "gnu++17";
				CLANG_ENABLE_MODULES = YES;
				CLANG_ENABLE_OBJC_ARC = YES;
				CLANG_ENABLE_OBJC_WEAK = YES;
				CLANG_WARN_BLOCK_CAPTURE_AUTORELEASING = YES;
				CLANG_WARN_BOOL_CONVERSION = YES;
				CLANG_WARN_COMMA = YES;
				CLANG_WARN_CONSTANT_CONVERSION = YES;
				CLANG_WARN_DEPRECATED_OBJC_IMPLEMENTATIONS = YES;
				CLANG_WARN_DIRECT_OBJC_ISA_USAGE = YES_ERROR;
				CLANG_WARN_DOCUMENTATION_COMMENTS = YES;
				CLANG_WARN_EMPTY_BODY = YES;
				CLANG_WARN_ENUM_CONVERSION = YES;
				CLANG_WARN_INFINITE_RECURSION = YES;
				CLANG_WARN_INT_CONVERSION = YES;
				CLANG_WARN_NON_LITERAL_NULL_CONVERSION = YES;
				CLANG_WARN_OBJC_IMPLICIT_RETAIN_SELF = YES;
				CLANG_WARN_OBJC_LITERAL_CONVERSION = YES;
				CLANG_WARN_OBJC_ROOT_CLASS = YES_ERROR;
				CLANG_WARN_QUOTED_INCLUDE_IN_FRAMEWORK_HEADER = YES;
				CLANG_WARN_RANGE_LOOP_ANALYSIS = YES;
				CLANG_WARN_STRICT_PROTOTYPES = YES;
				CLANG_WARN_SUSPICIOUS_MOVE = YES;
				CLANG_WARN_UNGUARDED_AVAILABILITY = YES_AGGRESSIVE;
				CLANG_WARN_UNREACHABLE_CODE = YES;
				CLANG_WARN__DUPLICATE_METHOD_MATCH = YES;
				COPY_PHASE_STRIP = NO;
				DEBUG_INFORMATION_FORMAT = dwarf;
				ENABLE_STRICT_OBJC_MSGSEND = YES;
				ENABLE_TESTABILITY = YES;
				GCC_C_LANGUAGE_STANDARD = gnu11;
				GCC_DYNAMIC_NO_PIC = NO;
				GCC_NO_COMMON_BLOCKS = YES;
				GCC_OPTIMIZATION_LEVEL = 0;
				GCC_PREPROCESSOR_DEFINITIONS = (
					"DEBUG=1",
					"$(inherited)",
				);
				GCC_WARN_64_TO_32_BIT_CONVERSION = YES;
				GCC_WARN_ABOUT_RETURN_TYPE = YES_ERROR;
				GCC_WARN_UNDECLARED_SELECTOR = YES;
				GCC_WARN_UNINITIALIZED_AUTOS = YES_AGGRESSIVE;
				GCC_WARN_UNUSED_FUNCTION = YES;
				GCC_WARN_UNUSED_VARIABLE = YES;
				IPHONEOS_DEPLOYMENT_TARGET = 15.5;
				MTL_ENABLE_DEBUG_INFO = INCLUDE_SOURCE;
				MTL_FAST_MATH = YES;
				ONLY_ACTIVE_ARCH = YES;
				SDKROOT = iphoneos;
				SWIFT_ACTIVE_COMPILATION_CONDITIONS = DEBUG;
				SWIFT_OPTIMIZATION_LEVEL = "-Onone";
			};
			name = Debug;
		};
		005EC06528A0599F007FCA42 /* Release */ = {
			isa = XCBuildConfiguration;
			buildSettings = {
				ALWAYS_SEARCH_USER_PATHS = NO;
				CLANG_ANALYZER_NONNULL = YES;
				CLANG_ANALYZER_NUMBER_OBJECT_CONVERSION = YES_AGGRESSIVE;
				CLANG_CXX_LANGUAGE_STANDARD = "gnu++17";
				CLANG_ENABLE_MODULES = YES;
				CLANG_ENABLE_OBJC_ARC = YES;
				CLANG_ENABLE_OBJC_WEAK = YES;
				CLANG_WARN_BLOCK_CAPTURE_AUTORELEASING = YES;
				CLANG_WARN_BOOL_CONVERSION = YES;
				CLANG_WARN_COMMA = YES;
				CLANG_WARN_CONSTANT_CONVERSION = YES;
				CLANG_WARN_DEPRECATED_OBJC_IMPLEMENTATIONS = YES;
				CLANG_WARN_DIRECT_OBJC_ISA_USAGE = YES_ERROR;
				CLANG_WARN_DOCUMENTATION_COMMENTS = YES;
				CLANG_WARN_EMPTY_BODY = YES;
				CLANG_WARN_ENUM_CONVERSION = YES;
				CLANG_WARN_INFINITE_RECURSION = YES;
				CLANG_WARN_INT_CONVERSION = YES;
				CLANG_WARN_NON_LITERAL_NULL_CONVERSION = YES;
				CLANG_WARN_OBJC_IMPLICIT_RETAIN_SELF = YES;
				CLANG_WARN_OBJC_LITERAL_CONVERSION = YES;
				CLANG_WARN_OBJC_ROOT_CLASS = YES_ERROR;
				CLANG_WARN_QUOTED_INCLUDE_IN_FRAMEWORK_HEADER = YES;
				CLANG_WARN_RANGE_LOOP_ANALYSIS = YES;
				CLANG_WARN_STRICT_PROTOTYPES = YES;
				CLANG_WARN_SUSPICIOUS_MOVE = YES;
				CLANG_WARN_UNGUARDED_AVAILABILITY = YES_AGGRESSIVE;
				CLANG_WARN_UNREACHABLE_CODE = YES;
				CLANG_WARN__DUPLICATE_METHOD_MATCH = YES;
				COPY_PHASE_STRIP = NO;
				DEBUG_INFORMATION_FORMAT = "dwarf-with-dsym";
				ENABLE_NS_ASSERTIONS = NO;
				ENABLE_STRICT_OBJC_MSGSEND = YES;
				GCC_C_LANGUAGE_STANDARD = gnu11;
				GCC_NO_COMMON_BLOCKS = YES;
				GCC_WARN_64_TO_32_BIT_CONVERSION = YES;
				GCC_WARN_ABOUT_RETURN_TYPE = YES_ERROR;
				GCC_WARN_UNDECLARED_SELECTOR = YES;
				GCC_WARN_UNINITIALIZED_AUTOS = YES_AGGRESSIVE;
				GCC_WARN_UNUSED_FUNCTION = YES;
				GCC_WARN_UNUSED_VARIABLE = YES;
				IPHONEOS_DEPLOYMENT_TARGET = 15.5;
				MTL_ENABLE_DEBUG_INFO = NO;
				MTL_FAST_MATH = YES;
				SDKROOT = iphoneos;
				SWIFT_COMPILATION_MODE = wholemodule;
				SWIFT_OPTIMIZATION_LEVEL = "-O";
				VALIDATE_PRODUCT = YES;
			};
			name = Release;
		};
		005EC06728A0599F007FCA42 /* Debug */ = {
			isa = XCBuildConfiguration;
			baseConfigurationReference = 6ACE9783182E124B8EF6C4F8 /* Pods-IChat.debug.xcconfig */;
			buildSettings = {
				ASSETCATALOG_COMPILER_APPICON_NAME = AppIcon;
				ASSETCATALOG_COMPILER_GLOBAL_ACCENT_COLOR_NAME = AccentColor;
				CODE_SIGN_STYLE = Automatic;
				CURRENT_PROJECT_VERSION = 1;
				DEVELOPMENT_TEAM = W9FSXFWG34;
				GENERATE_INFOPLIST_FILE = YES;
				INFOPLIST_FILE = IChat/Info.plist;
				INFOPLIST_KEY_UIApplicationSupportsIndirectInputEvents = YES;
				INFOPLIST_KEY_UILaunchStoryboardName = LaunchScreen;
				INFOPLIST_KEY_UISupportedInterfaceOrientations_iPad = "UIInterfaceOrientationPortrait UIInterfaceOrientationPortraitUpsideDown UIInterfaceOrientationLandscapeLeft UIInterfaceOrientationLandscapeRight";
				INFOPLIST_KEY_UISupportedInterfaceOrientations_iPhone = "UIInterfaceOrientationPortrait UIInterfaceOrientationLandscapeLeft UIInterfaceOrientationLandscapeRight";
				LD_RUNPATH_SEARCH_PATHS = (
					"$(inherited)",
					"@executable_path/Frameworks",
				);
				MARKETING_VERSION = 1.0;
				PRODUCT_BUNDLE_IDENTIFIER = com.artem.IChat;
				PRODUCT_NAME = "$(TARGET_NAME)";
				SWIFT_EMIT_LOC_STRINGS = YES;
				SWIFT_VERSION = 5.0;
				TARGETED_DEVICE_FAMILY = "1,2";
			};
			name = Debug;
		};
		005EC06828A0599F007FCA42 /* Release */ = {
			isa = XCBuildConfiguration;
			baseConfigurationReference = B6F7906C5839B172A92F0CCB /* Pods-IChat.release.xcconfig */;
			buildSettings = {
				ASSETCATALOG_COMPILER_APPICON_NAME = AppIcon;
				ASSETCATALOG_COMPILER_GLOBAL_ACCENT_COLOR_NAME = AccentColor;
				CODE_SIGN_STYLE = Automatic;
				CURRENT_PROJECT_VERSION = 1;
				DEVELOPMENT_TEAM = W9FSXFWG34;
				GENERATE_INFOPLIST_FILE = YES;
				INFOPLIST_FILE = IChat/Info.plist;
				INFOPLIST_KEY_UIApplicationSupportsIndirectInputEvents = YES;
				INFOPLIST_KEY_UILaunchStoryboardName = LaunchScreen;
				INFOPLIST_KEY_UISupportedInterfaceOrientations_iPad = "UIInterfaceOrientationPortrait UIInterfaceOrientationPortraitUpsideDown UIInterfaceOrientationLandscapeLeft UIInterfaceOrientationLandscapeRight";
				INFOPLIST_KEY_UISupportedInterfaceOrientations_iPhone = "UIInterfaceOrientationPortrait UIInterfaceOrientationLandscapeLeft UIInterfaceOrientationLandscapeRight";
				LD_RUNPATH_SEARCH_PATHS = (
					"$(inherited)",
					"@executable_path/Frameworks",
				);
				MARKETING_VERSION = 1.0;
				PRODUCT_BUNDLE_IDENTIFIER = com.artem.IChat;
				PRODUCT_NAME = "$(TARGET_NAME)";
				SWIFT_EMIT_LOC_STRINGS = YES;
				SWIFT_VERSION = 5.0;
				TARGETED_DEVICE_FAMILY = "1,2";
			};
			name = Release;
		};
/* End XCBuildConfiguration section */

/* Begin XCConfigurationList section */
		005EC04D28A0599E007FCA42 /* Build configuration list for PBXProject "IChat" */ = {
			isa = XCConfigurationList;
			buildConfigurations = (
				005EC06428A0599F007FCA42 /* Debug */,
				005EC06528A0599F007FCA42 /* Release */,
			);
			defaultConfigurationIsVisible = 0;
			defaultConfigurationName = Release;
		};
		005EC06628A0599F007FCA42 /* Build configuration list for PBXNativeTarget "IChat" */ = {
			isa = XCConfigurationList;
			buildConfigurations = (
				005EC06728A0599F007FCA42 /* Debug */,
				005EC06828A0599F007FCA42 /* Release */,
			);
			defaultConfigurationIsVisible = 0;
			defaultConfigurationName = Release;
		};
/* End XCConfigurationList section */
	};
	rootObject = 005EC04A28A0599E007FCA42 /* Project object */;
}
